
Microsoft Visual Studio Solution File, Format Version 12.00
# Visual Studio Version 17
VisualStudioVersion = 17.0.31903.59
MinimumVisualStudioVersion = 10.0.40219.1
Project("{2150E333-8FDC-42A3-9474-1A3956D46DE8}") = "BuildingBlocks", "BuildingBlocks", "{52E292A3-2736-439C-A434-0A6F91D4A49B}"
EndProject
Project("{FAE04EC0-301F-11D3-BF4B-00C04F79EFBC}") = "LinkedChain.BuildingBlocks.Domain", "BuildingBlocks\Domain\LinkedChain.BuildingBlocks.Domain.csproj", "{3397C05F-1777-47A8-B833-4E4EF69E23E4}"
EndProject
Project("{FAE04EC0-301F-11D3-BF4B-00C04F79EFBC}") = "LinkedChain.BuildingBlocks.Infrastructure", "BuildingBlocks\Infrastructure\LinkedChain.BuildingBlocks.Infrastructure.csproj", "{B14ABAE8-989E-42C6-BC67-92206D67D6F8}"
EndProject
Project("{FAE04EC0-301F-11D3-BF4B-00C04F79EFBC}") = "LinkedChain.BuildingBlocks.Application", "BuildingBlocks\Application\LinkedChain.BuildingBlocks.Application.csproj", "{CFA45CB7-0349-4BF5-B26D-920307624C80}"
EndProject
Project("{2150E333-8FDC-42A3-9474-1A3956D46DE8}") = "Modules", "Modules", "{757B34A0-A34A-45D9-820A-16E6A1C66B69}"
EndProject
Project("{2150E333-8FDC-42A3-9474-1A3956D46DE8}") = "Recruitment", "Recruitment", "{739C67D0-F45E-4C5A-AA5C-5B104EF138A9}"
EndProject
Project("{FAE04EC0-301F-11D3-BF4B-00C04F79EFBC}") = "LinkedChain.Modules.Recruitment.Domain", "Modules\Recruitment\Domain\LinkedChain.Modules.Recruitment.Domain.csproj", "{BCBBCACA-F1B4-4C70-8ABE-9539CE484B34}"
EndProject
Project("{FAE04EC0-301F-11D3-BF4B-00C04F79EFBC}") = "LinkedChain.Modules.Recruitment.Application", "Modules\Recruitment\Application\LinkedChain.Modules.Recruitment.Application.csproj", "{2E569505-D257-42B6-A99B-9A1CBC940966}"
EndProject
Project("{FAE04EC0-301F-11D3-BF4B-00C04F79EFBC}") = "LinkedChain.Modules.Recruitment.IntegrationEvents", "Modules\Recruitment\IntegrationEvents\LinkedChain.Modules.Recruitment.IntegrationEvents.csproj", "{23477ECF-3285-43FF-9D51-ABA820FD4DCB}"
EndProject
Project("{2150E333-8FDC-42A3-9474-1A3956D46DE8}") = "Tests", "Tests", "{9147BCB8-D0BF-4CF6-BEB5-5565279BC364}"
EndProject
Project("{FAE04EC0-301F-11D3-BF4B-00C04F79EFBC}") = "LinkedChain.Modules.Recruitment.ArchTests", "Modules\Recruitment\Tests\ArchTests\LinkedChain.Modules.Recruitment.ArchTests.csproj", "{0CEF0DB8-AA97-44A5-ADBD-7110D2E6D40A}"
EndProject
Project("{FAE04EC0-301F-11D3-BF4B-00C04F79EFBC}") = "LinkedChain.Modules.Recruitment.Infrastructure", "Modules\Recruitment\Infrastructure\LinkedChain.Modules.Recruitment.Infrastructure.csproj", "{A56D46E4-566E-4E67-8597-529B33A3C787}"
EndProject
Project("{FAE04EC0-301F-11D3-BF4B-00C04F79EFBC}") = "LinkedChain.Modules.Recruitment.Domain.UnitTests", "Modules\Recruitment\Tests\UnitTests\LinkedChain.Modules.Recruitment.Domain.UnitTests.csproj", "{B9A1841F-A9FB-48F8-A654-ABEE82506554}"
EndProject
Project("{FAE04EC0-301F-11D3-BF4B-00C04F79EFBC}") = "LinkedChain.Modules.Recruitment.IntegrationTests", "Modules\Recruitment\Tests\IntegrationTests\LinkedChain.Modules.Recruitment.IntegrationTests.csproj", "{B02CA217-23FC-431E-BA24-F95AE4978C7A}"
EndProject
Project("{2150E333-8FDC-42A3-9474-1A3956D46DE8}") = "Tests", "Tests", "{DD9DFA20-4582-4602-98C3-0C9A8F62EB11}"
EndProject
Project("{FAE04EC0-301F-11D3-BF4B-00C04F79EFBC}") = "LinkedChain.BuildingBlocks.IntegrationTests", "BuildingBlocks\Tests\IntegrationTests\LinkedChain.BuildingBlocks.IntegrationTests.csproj", "{854B4AB4-3457-4BA6-8659-9C2DB39CD1F3}"
EndProject
Global
	GlobalSection(SolutionConfigurationPlatforms) = preSolution
		Debug|Any CPU = Debug|Any CPU
		Release|Any CPU = Release|Any CPU
	EndGlobalSection
	GlobalSection(SolutionProperties) = preSolution
		HideSolutionNode = FALSE
	EndGlobalSection
	GlobalSection(ProjectConfigurationPlatforms) = postSolution
		{3397C05F-1777-47A8-B833-4E4EF69E23E4}.Debug|Any CPU.ActiveCfg = Debug|Any CPU
		{3397C05F-1777-47A8-B833-4E4EF69E23E4}.Debug|Any CPU.Build.0 = Debug|Any CPU
		{3397C05F-1777-47A8-B833-4E4EF69E23E4}.Release|Any CPU.ActiveCfg = Release|Any CPU
		{3397C05F-1777-47A8-B833-4E4EF69E23E4}.Release|Any CPU.Build.0 = Release|Any CPU
		{B14ABAE8-989E-42C6-BC67-92206D67D6F8}.Debug|Any CPU.ActiveCfg = Debug|Any CPU
		{B14ABAE8-989E-42C6-BC67-92206D67D6F8}.Debug|Any CPU.Build.0 = Debug|Any CPU
		{B14ABAE8-989E-42C6-BC67-92206D67D6F8}.Release|Any CPU.ActiveCfg = Release|Any CPU
		{B14ABAE8-989E-42C6-BC67-92206D67D6F8}.Release|Any CPU.Build.0 = Release|Any CPU
		{CFA45CB7-0349-4BF5-B26D-920307624C80}.Debug|Any CPU.ActiveCfg = Debug|Any CPU
		{CFA45CB7-0349-4BF5-B26D-920307624C80}.Debug|Any CPU.Build.0 = Debug|Any CPU
		{CFA45CB7-0349-4BF5-B26D-920307624C80}.Release|Any CPU.ActiveCfg = Release|Any CPU
		{CFA45CB7-0349-4BF5-B26D-920307624C80}.Release|Any CPU.Build.0 = Release|Any CPU
		{BCBBCACA-F1B4-4C70-8ABE-9539CE484B34}.Debug|Any CPU.ActiveCfg = Debug|Any CPU
		{BCBBCACA-F1B4-4C70-8ABE-9539CE484B34}.Debug|Any CPU.Build.0 = Debug|Any CPU
		{BCBBCACA-F1B4-4C70-8ABE-9539CE484B34}.Release|Any CPU.ActiveCfg = Release|Any CPU
		{BCBBCACA-F1B4-4C70-8ABE-9539CE484B34}.Release|Any CPU.Build.0 = Release|Any CPU
		{2E569505-D257-42B6-A99B-9A1CBC940966}.Debug|Any CPU.ActiveCfg = Debug|Any CPU
		{2E569505-D257-42B6-A99B-9A1CBC940966}.Debug|Any CPU.Build.0 = Debug|Any CPU
		{2E569505-D257-42B6-A99B-9A1CBC940966}.Release|Any CPU.ActiveCfg = Release|Any CPU
		{2E569505-D257-42B6-A99B-9A1CBC940966}.Release|Any CPU.Build.0 = Release|Any CPU
		{23477ECF-3285-43FF-9D51-ABA820FD4DCB}.Debug|Any CPU.ActiveCfg = Debug|Any CPU
		{23477ECF-3285-43FF-9D51-ABA820FD4DCB}.Debug|Any CPU.Build.0 = Debug|Any CPU
		{23477ECF-3285-43FF-9D51-ABA820FD4DCB}.Release|Any CPU.ActiveCfg = Release|Any CPU
		{23477ECF-3285-43FF-9D51-ABA820FD4DCB}.Release|Any CPU.Build.0 = Release|Any CPU
		{0CEF0DB8-AA97-44A5-ADBD-7110D2E6D40A}.Debug|Any CPU.ActiveCfg = Debug|Any CPU
		{0CEF0DB8-AA97-44A5-ADBD-7110D2E6D40A}.Debug|Any CPU.Build.0 = Debug|Any CPU
		{0CEF0DB8-AA97-44A5-ADBD-7110D2E6D40A}.Release|Any CPU.ActiveCfg = Release|Any CPU
		{0CEF0DB8-AA97-44A5-ADBD-7110D2E6D40A}.Release|Any CPU.Build.0 = Release|Any CPU
		{A56D46E4-566E-4E67-8597-529B33A3C787}.Debug|Any CPU.ActiveCfg = Debug|Any CPU
		{A56D46E4-566E-4E67-8597-529B33A3C787}.Debug|Any CPU.Build.0 = Debug|Any CPU
		{A56D46E4-566E-4E67-8597-529B33A3C787}.Release|Any CPU.ActiveCfg = Release|Any CPU
		{A56D46E4-566E-4E67-8597-529B33A3C787}.Release|Any CPU.Build.0 = Release|Any CPU
		{B9A1841F-A9FB-48F8-A654-ABEE82506554}.Debug|Any CPU.ActiveCfg = Debug|Any CPU
		{B9A1841F-A9FB-48F8-A654-ABEE82506554}.Debug|Any CPU.Build.0 = Debug|Any CPU
		{B9A1841F-A9FB-48F8-A654-ABEE82506554}.Release|Any CPU.ActiveCfg = Release|Any CPU
		{B9A1841F-A9FB-48F8-A654-ABEE82506554}.Release|Any CPU.Build.0 = Release|Any CPU
		{B02CA217-23FC-431E-BA24-F95AE4978C7A}.Debug|Any CPU.ActiveCfg = Debug|Any CPU
		{B02CA217-23FC-431E-BA24-F95AE4978C7A}.Debug|Any CPU.Build.0 = Debug|Any CPU
		{B02CA217-23FC-431E-BA24-F95AE4978C7A}.Release|Any CPU.ActiveCfg = Release|Any CPU
		{B02CA217-23FC-431E-BA24-F95AE4978C7A}.Release|Any CPU.Build.0 = Release|Any CPU
		{854B4AB4-3457-4BA6-8659-9C2DB39CD1F3}.Debug|Any CPU.ActiveCfg = Debug|Any CPU
		{854B4AB4-3457-4BA6-8659-9C2DB39CD1F3}.Debug|Any CPU.Build.0 = Debug|Any CPU
		{854B4AB4-3457-4BA6-8659-9C2DB39CD1F3}.Release|Any CPU.ActiveCfg = Release|Any CPU
		{854B4AB4-3457-4BA6-8659-9C2DB39CD1F3}.Release|Any CPU.Build.0 = Release|Any CPU
	EndGlobalSection
	GlobalSection(NestedProjects) = preSolution
		{3397C05F-1777-47A8-B833-4E4EF69E23E4} = {52E292A3-2736-439C-A434-0A6F91D4A49B}
		{B14ABAE8-989E-42C6-BC67-92206D67D6F8} = {52E292A3-2736-439C-A434-0A6F91D4A49B}
		{CFA45CB7-0349-4BF5-B26D-920307624C80} = {52E292A3-2736-439C-A434-0A6F91D4A49B}
		{739C67D0-F45E-4C5A-AA5C-5B104EF138A9} = {757B34A0-A34A-45D9-820A-16E6A1C66B69}
		{BCBBCACA-F1B4-4C70-8ABE-9539CE484B34} = {739C67D0-F45E-4C5A-AA5C-5B104EF138A9}
		{2E569505-D257-42B6-A99B-9A1CBC940966} = {739C67D0-F45E-4C5A-AA5C-5B104EF138A9}
		{23477ECF-3285-43FF-9D51-ABA820FD4DCB} = {739C67D0-F45E-4C5A-AA5C-5B104EF138A9}
		{9147BCB8-D0BF-4CF6-BEB5-5565279BC364} = {739C67D0-F45E-4C5A-AA5C-5B104EF138A9}
		{0CEF0DB8-AA97-44A5-ADBD-7110D2E6D40A} = {9147BCB8-D0BF-4CF6-BEB5-5565279BC364}
		{A56D46E4-566E-4E67-8597-529B33A3C787} = {739C67D0-F45E-4C5A-AA5C-5B104EF138A9}
		{B9A1841F-A9FB-48F8-A654-ABEE82506554} = {9147BCB8-D0BF-4CF6-BEB5-5565279BC364}
		{B02CA217-23FC-431E-BA24-F95AE4978C7A} = {9147BCB8-D0BF-4CF6-BEB5-5565279BC364}
		{DD9DFA20-4582-4602-98C3-0C9A8F62EB11} = {52E292A3-2736-439C-A434-0A6F91D4A49B}
		{854B4AB4-3457-4BA6-8659-9C2DB39CD1F3} = {DD9DFA20-4582-4602-98C3-0C9A8F62EB11}
	EndGlobalSection
EndGlobal
